# Generated by pub
# See http://pub.dartlang.org/doc/glossary.html#lockfile
packages:
  hub:
    description:
      ref: null
      resolved-ref: e408fc138d69530a304ebb0d90b36c0a94564592
      url: "../hub"
    source: git
    version: "0.1.3"
  invocable:
    description:
      path: "D:\\Apps\\codelab\\dart\\stateManager\\../invocable"
      relative: true
    source: path
    version: "0.3.0"
